
Microsoft Visual Studio Solution File, Format Version 12.00
# Visual Studio Version 17
VisualStudioVersion = 17.2.32630.192
MinimumVisualStudioVersion = 10.0.40219.1
Project("{E24C65DC-7377-472B-9ABA-BC803B73C61A}") = "_001_DOM", "_001_DOM\", "{01032A66-BD22-47F9-A0F1-9285F333E110}"
	ProjectSection(WebsiteProperties) = preProject
		TargetFrameworkMoniker = ".NETFramework,Version%3Dv4.8"
		Debug.AspNetCompiler.VirtualPath = "/localhost_63800"
		Debug.AspNetCompiler.PhysicalPath = "_001_DOM\"
		Debug.AspNetCompiler.TargetPath = "PrecompiledWeb\localhost_63800\"
		Debug.AspNetCompiler.Updateable = "true"
		Debug.AspNetCompiler.ForceOverwrite = "true"
		Debug.AspNetCompiler.FixedNames = "false"
		Debug.AspNetCompiler.Debug = "True"
		Release.AspNetCompiler.VirtualPath = "/localhost_63800"
		Release.AspNetCompiler.PhysicalPath = "_001_DOM\"
		Release.AspNetCompiler.TargetPath = "PrecompiledWeb\localhost_63800\"
		Release.AspNetCompiler.Updateable = "true"
		Release.AspNetCompiler.ForceOverwrite = "true"
		Release.AspNetCompiler.FixedNames = "false"
		Release.AspNetCompiler.Debug = "False"
		VWDPort = "63800"
		SlnRelativePath = "_001_DOM\"
	EndProjectSection
EndProject
Project("{E24C65DC-7377-472B-9ABA-BC803B73C61A}") = "_002_DOM(1)", "_002_DOM\", "{8130E843-A0AA-475A-885B-20FE634F78CD}"
	ProjectSection(WebsiteProperties) = preProject
		TargetFrameworkMoniker = ".NETFramework,Version%3Dv4.8"
		Debug.AspNetCompiler.VirtualPath = "/localhost_54216"
		Debug.AspNetCompiler.PhysicalPath = "_002_DOM\"
		Debug.AspNetCompiler.TargetPath = "PrecompiledWeb\localhost_54216\"
		Debug.AspNetCompiler.Updateable = "true"
		Debug.AspNetCompiler.ForceOverwrite = "true"
		Debug.AspNetCompiler.FixedNames = "false"
		Debug.AspNetCompiler.Debug = "True"
		Release.AspNetCompiler.VirtualPath = "/localhost_54216"
		Release.AspNetCompiler.PhysicalPath = "_002_DOM\"
		Release.AspNetCompiler.TargetPath = "PrecompiledWeb\localhost_54216\"
		Release.AspNetCompiler.Updateable = "true"
		Release.AspNetCompiler.ForceOverwrite = "true"
		Release.AspNetCompiler.FixedNames = "false"
		Release.AspNetCompiler.Debug = "False"
		VWDPort = "54216"
		SlnRelativePath = "_002_DOM\"
	EndProjectSection
EndProject
Project("{E24C65DC-7377-472B-9ABA-BC803B73C61A}") = "_003_Counter", "_003_Counter\", "{3FEBE53F-2533-4F2A-AF42-3352E1D6CFB4}"
	ProjectSection(WebsiteProperties) = preProject
		TargetFrameworkMoniker = ".NETFramework,Version%3Dv4.8"
		Debug.AspNetCompiler.VirtualPath = "/localhost_64152"
		Debug.AspNetCompiler.PhysicalPath = "_003_Counter\"
		Debug.AspNetCompiler.TargetPath = "PrecompiledWeb\localhost_64152\"
		Debug.AspNetCompiler.Updateable = "true"
		Debug.AspNetCompiler.ForceOverwrite = "true"
		Debug.AspNetCompiler.FixedNames = "false"
		Debug.AspNetCompiler.Debug = "True"
		Release.AspNetCompiler.VirtualPath = "/localhost_64152"
		Release.AspNetCompiler.PhysicalPath = "_003_Counter\"
		Release.AspNetCompiler.TargetPath = "PrecompiledWeb\localhost_64152\"
		Release.AspNetCompiler.Updateable = "true"
		Release.AspNetCompiler.ForceOverwrite = "true"
		Release.AspNetCompiler.FixedNames = "false"
		Release.AspNetCompiler.Debug = "False"
		VWDPort = "64152"
		SlnRelativePath = "_003_Counter\"
	EndProjectSection
EndProject
Project("{E24C65DC-7377-472B-9ABA-BC803B73C61A}") = "_004_Habitat", "_004_Habitat\", "{69287609-6A7C-4693-9A2E-A0EF32117375}"
	ProjectSection(WebsiteProperties) = preProject
		TargetFrameworkMoniker = ".NETFramework,Version%3Dv4.8"
		Debug.AspNetCompiler.VirtualPath = "/localhost_64256"
		Debug.AspNetCompiler.PhysicalPath = "_004_Habitat\"
		Debug.AspNetCompiler.TargetPath = "PrecompiledWeb\localhost_64256\"
		Debug.AspNetCompiler.Updateable = "true"
		Debug.AspNetCompiler.ForceOverwrite = "true"
		Debug.AspNetCompiler.FixedNames = "false"
		Debug.AspNetCompiler.Debug = "True"
		Release.AspNetCompiler.VirtualPath = "/localhost_64256"
		Release.AspNetCompiler.PhysicalPath = "_004_Habitat\"
		Release.AspNetCompiler.TargetPath = "PrecompiledWeb\localhost_64256\"
		Release.AspNetCompiler.Updateable = "true"
		Release.AspNetCompiler.ForceOverwrite = "true"
		Release.AspNetCompiler.FixedNames = "false"
		Release.AspNetCompiler.Debug = "False"
		VWDPort = "64256"
		SlnRelativePath = "_004_Habitat\"
	EndProjectSection
EndProject
Project("{E24C65DC-7377-472B-9ABA-BC803B73C61A}") = "_005_Canvas", "_005_Canvas\", "{B573FC2B-4E37-4314-8AAF-C8E410257BE9}"
	ProjectSection(WebsiteProperties) = preProject
		TargetFrameworkMoniker = ".NETFramework,Version%3Dv4.8"
		Debug.AspNetCompiler.VirtualPath = "/localhost_64277"
		Debug.AspNetCompiler.PhysicalPath = "_005_Canvas\"
		Debug.AspNetCompiler.TargetPath = "PrecompiledWeb\localhost_64277\"
		Debug.AspNetCompiler.Updateable = "true"
		Debug.AspNetCompiler.ForceOverwrite = "true"
		Debug.AspNetCompiler.FixedNames = "false"
		Debug.AspNetCompiler.Debug = "True"
		Release.AspNetCompiler.VirtualPath = "/localhost_64277"
		Release.AspNetCompiler.PhysicalPath = "_005_Canvas\"
		Release.AspNetCompiler.TargetPath = "PrecompiledWeb\localhost_64277\"
		Release.AspNetCompiler.Updateable = "true"
		Release.AspNetCompiler.ForceOverwrite = "true"
		Release.AspNetCompiler.FixedNames = "false"
		Release.AspNetCompiler.Debug = "False"
		VWDPort = "64277"
		SlnRelativePath = "_005_Canvas\"
	EndProjectSection
EndProject
Project("{E24C65DC-7377-472B-9ABA-BC803B73C61A}") = "_007_Hypotenuse Console", "_007_Hypotenuse Console\", "{5E6332AE-60EF-4990-9B67-C596B92D5543}"
	ProjectSection(WebsiteProperties) = preProject
		TargetFrameworkMoniker = ".NETFramework,Version%3Dv4.8"
		Debug.AspNetCompiler.VirtualPath = "/localhost_64301"
		Debug.AspNetCompiler.PhysicalPath = "_007_Hypotenuse Console\"
		Debug.AspNetCompiler.TargetPath = "PrecompiledWeb\localhost_64301\"
		Debug.AspNetCompiler.Updateable = "true"
		Debug.AspNetCompiler.ForceOverwrite = "true"
		Debug.AspNetCompiler.FixedNames = "false"
		Debug.AspNetCompiler.Debug = "True"
		Release.AspNetCompiler.VirtualPath = "/localhost_64301"
		Release.AspNetCompiler.PhysicalPath = "_007_Hypotenuse Console\"
		Release.AspNetCompiler.TargetPath = "PrecompiledWeb\localhost_64301\"
		Release.AspNetCompiler.Updateable = "true"
		Release.AspNetCompiler.ForceOverwrite = "true"
		Release.AspNetCompiler.FixedNames = "false"
		Release.AspNetCompiler.Debug = "False"
		VWDPort = "64301"
		SlnRelativePath = "_007_Hypotenuse Console\"
	EndProjectSection
EndProject
Project("{E24C65DC-7377-472B-9ABA-BC803B73C61A}") = "_006_Hypotenuse_Webpage", "_006_Hypotenuse_Webpage\", "{9FD0A9B6-9182-466E-AA0C-A78121FE56D7}"
	ProjectSection(WebsiteProperties) = preProject
		TargetFrameworkMoniker = ".NETFramework,Version%3Dv4.8"
		Debug.AspNetCompiler.VirtualPath = "/localhost_50681"
		Debug.AspNetCompiler.PhysicalPath = "_006_Hypotenuse_Webpage\"
		Debug.AspNetCompiler.TargetPath = "PrecompiledWeb\localhost_50681\"
		Debug.AspNetCompiler.Updateable = "true"
		Debug.AspNetCompiler.ForceOverwrite = "true"
		Debug.AspNetCompiler.FixedNames = "false"
		Debug.AspNetCompiler.Debug = "True"
		Release.AspNetCompiler.VirtualPath = "/localhost_50681"
		Release.AspNetCompiler.PhysicalPath = "_006_Hypotenuse_Webpage\"
		Release.AspNetCompiler.TargetPath = "PrecompiledWeb\localhost_50681\"
		Release.AspNetCompiler.Updateable = "true"
		Release.AspNetCompiler.ForceOverwrite = "true"
		Release.AspNetCompiler.FixedNames = "false"
		Release.AspNetCompiler.Debug = "False"
		VWDPort = "50681"
		SlnRelativePath = "_006_Hypotenuse_Webpage\"
	EndProjectSection
EndProject
Project("{E24C65DC-7377-472B-9ABA-BC803B73C61A}") = "_008_Station Passenger Counter", "_008_Station Passenger Counter\", "{062333CA-36FC-4450-9514-262DAFEF8AD6}"
	ProjectSection(WebsiteProperties) = preProject
		TargetFrameworkMoniker = ".NETFramework,Version%3Dv4.8"
		Debug.AspNetCompiler.VirtualPath = "/localhost_50928"
		Debug.AspNetCompiler.PhysicalPath = "_008_Station Passenger Counter\"
		Debug.AspNetCompiler.TargetPath = "PrecompiledWeb\localhost_50928\"
		Debug.AspNetCompiler.Updateable = "true"
		Debug.AspNetCompiler.ForceOverwrite = "true"
		Debug.AspNetCompiler.FixedNames = "false"
		Debug.AspNetCompiler.Debug = "True"
		Release.AspNetCompiler.VirtualPath = "/localhost_50928"
		Release.AspNetCompiler.PhysicalPath = "_008_Station Passenger Counter\"
		Release.AspNetCompiler.TargetPath = "PrecompiledWeb\localhost_50928\"
		Release.AspNetCompiler.Updateable = "true"
		Release.AspNetCompiler.ForceOverwrite = "true"
		Release.AspNetCompiler.FixedNames = "false"
		Release.AspNetCompiler.Debug = "False"
		VWDPort = "50928"
		SlnRelativePath = "_008_Station Passenger Counter\"
	EndProjectSection
EndProject
Project("{E24C65DC-7377-472B-9ABA-BC803B73C61A}") = "_009_Sample Page", "_009_Sample Page\", "{7D3021CB-180B-4B11-902E-EC07E0E33E90}"
	ProjectSection(WebsiteProperties) = preProject
		TargetFrameworkMoniker = ".NETFramework,Version%3Dv4.8"
		Debug.AspNetCompiler.VirtualPath = "/localhost_51075"
		Debug.AspNetCompiler.PhysicalPath = "_009_Sample Page\"
		Debug.AspNetCompiler.TargetPath = "PrecompiledWeb\localhost_51075\"
		Debug.AspNetCompiler.Updateable = "true"
		Debug.AspNetCompiler.ForceOverwrite = "true"
		Debug.AspNetCompiler.FixedNames = "false"
		Debug.AspNetCompiler.Debug = "True"
		Release.AspNetCompiler.VirtualPath = "/localhost_51075"
		Release.AspNetCompiler.PhysicalPath = "_009_Sample Page\"
		Release.AspNetCompiler.TargetPath = "PrecompiledWeb\localhost_51075\"
		Release.AspNetCompiler.Updateable = "true"
		Release.AspNetCompiler.ForceOverwrite = "true"
		Release.AspNetCompiler.FixedNames = "false"
		Release.AspNetCompiler.Debug = "False"
		VWDPort = "51075"
		SlnRelativePath = "_009_Sample Page\"
	EndProjectSection
EndProject
Project("{E24C65DC-7377-472B-9ABA-BC803B73C61A}") = "_010_Site Bookmarker", "_010_Site Bookmarker\", "{3E3ACD14-9259-4336-A6A5-FD47929C3B3A}"
	ProjectSection(WebsiteProperties) = preProject
		TargetFrameworkMoniker = ".NETFramework,Version%3Dv4.8"
		Debug.AspNetCompiler.VirtualPath = "/localhost_51296"
		Debug.AspNetCompiler.PhysicalPath = "_010_Site Bookmarker\"
		Debug.AspNetCompiler.TargetPath = "PrecompiledWeb\localhost_51296\"
		Debug.AspNetCompiler.Updateable = "true"
		Debug.AspNetCompiler.ForceOverwrite = "true"
		Debug.AspNetCompiler.FixedNames = "false"
		Debug.AspNetCompiler.Debug = "True"
		Release.AspNetCompiler.VirtualPath = "/localhost_51296"
		Release.AspNetCompiler.PhysicalPath = "_010_Site Bookmarker\"
		Release.AspNetCompiler.TargetPath = "PrecompiledWeb\localhost_51296\"
		Release.AspNetCompiler.Updateable = "true"
		Release.AspNetCompiler.ForceOverwrite = "true"
		Release.AspNetCompiler.FixedNames = "false"
		Release.AspNetCompiler.Debug = "False"
		VWDPort = "51296"
		SlnRelativePath = "_010_Site Bookmarker\"
	EndProjectSection
EndProject
Project("{E24C65DC-7377-472B-9ABA-BC803B73C61A}") = "_011_Snow", "_011_Snow\", "{364B5E63-1D56-4B73-B5FC-7884E11C48FD}"
	ProjectSection(WebsiteProperties) = preProject
		TargetFrameworkMoniker = ".NETFramework,Version%3Dv4.8"
		Debug.AspNetCompiler.VirtualPath = "/localhost_51326"
		Debug.AspNetCompiler.PhysicalPath = "_011_Snow\"
		Debug.AspNetCompiler.TargetPath = "PrecompiledWeb\localhost_51326\"
		Debug.AspNetCompiler.Updateable = "true"
		Debug.AspNetCompiler.ForceOverwrite = "true"
		Debug.AspNetCompiler.FixedNames = "false"
		Debug.AspNetCompiler.Debug = "True"
		Release.AspNetCompiler.VirtualPath = "/localhost_51326"
		Release.AspNetCompiler.PhysicalPath = "_011_Snow\"
		Release.AspNetCompiler.TargetPath = "PrecompiledWeb\localhost_51326\"
		Release.AspNetCompiler.Updateable = "true"
		Release.AspNetCompiler.ForceOverwrite = "true"
		Release.AspNetCompiler.FixedNames = "false"
		Release.AspNetCompiler.Debug = "False"
		VWDPort = "51326"
		SlnRelativePath = "_011_Snow\"
	EndProjectSection
EndProject
Project("{E24C65DC-7377-472B-9ABA-BC803B73C61A}") = "_012_ Video Player", "_012_ Video Player\", "{A4BDC03C-AB74-4C73-98C1-ACE68FB67B8C}"
	ProjectSection(WebsiteProperties) = preProject
		TargetFrameworkMoniker = ".NETFramework,Version%3Dv4.8"
		Debug.AspNetCompiler.VirtualPath = "/localhost_51391"
		Debug.AspNetCompiler.PhysicalPath = "_012_ Video Player\"
		Debug.AspNetCompiler.TargetPath = "PrecompiledWeb\localhost_51391\"
		Debug.AspNetCompiler.Updateable = "true"
		Debug.AspNetCompiler.ForceOverwrite = "true"
		Debug.AspNetCompiler.FixedNames = "false"
		Debug.AspNetCompiler.Debug = "True"
		Release.AspNetCompiler.VirtualPath = "/localhost_51391"
		Release.AspNetCompiler.PhysicalPath = "_012_ Video Player\"
		Release.AspNetCompiler.TargetPath = "PrecompiledWeb\localhost_51391\"
		Release.AspNetCompiler.Updateable = "true"
		Release.AspNetCompiler.ForceOverwrite = "true"
		Release.AspNetCompiler.FixedNames = "false"
		Release.AspNetCompiler.Debug = "False"
		VWDPort = "51391"
		SlnRelativePath = "_012_ Video Player\"
	EndProjectSection
EndProject
Global
	GlobalSection(SolutionConfigurationPlatforms) = preSolution
		Debug|Any CPU = Debug|Any CPU
	EndGlobalSection
	GlobalSection(ProjectConfigurationPlatforms) = postSolution
		{01032A66-BD22-47F9-A0F1-9285F333E110}.Debug|Any CPU.ActiveCfg = Debug|Any CPU
		{01032A66-BD22-47F9-A0F1-9285F333E110}.Debug|Any CPU.Build.0 = Debug|Any CPU
		{8130E843-A0AA-475A-885B-20FE634F78CD}.Debug|Any CPU.ActiveCfg = Debug|Any CPU
		{8130E843-A0AA-475A-885B-20FE634F78CD}.Debug|Any CPU.Build.0 = Debug|Any CPU
		{3FEBE53F-2533-4F2A-AF42-3352E1D6CFB4}.Debug|Any CPU.ActiveCfg = Debug|Any CPU
		{3FEBE53F-2533-4F2A-AF42-3352E1D6CFB4}.Debug|Any CPU.Build.0 = Debug|Any CPU
		{69287609-6A7C-4693-9A2E-A0EF32117375}.Debug|Any CPU.ActiveCfg = Debug|Any CPU
		{69287609-6A7C-4693-9A2E-A0EF32117375}.Debug|Any CPU.Build.0 = Debug|Any CPU
		{B573FC2B-4E37-4314-8AAF-C8E410257BE9}.Debug|Any CPU.ActiveCfg = Debug|Any CPU
		{B573FC2B-4E37-4314-8AAF-C8E410257BE9}.Debug|Any CPU.Build.0 = Debug|Any CPU
		{5E6332AE-60EF-4990-9B67-C596B92D5543}.Debug|Any CPU.ActiveCfg = Debug|Any CPU
		{5E6332AE-60EF-4990-9B67-C596B92D5543}.Debug|Any CPU.Build.0 = Debug|Any CPU
		{9FD0A9B6-9182-466E-AA0C-A78121FE56D7}.Debug|Any CPU.ActiveCfg = Debug|Any CPU
		{9FD0A9B6-9182-466E-AA0C-A78121FE56D7}.Debug|Any CPU.Build.0 = Debug|Any CPU
		{062333CA-36FC-4450-9514-262DAFEF8AD6}.Debug|Any CPU.ActiveCfg = Debug|Any CPU
		{062333CA-36FC-4450-9514-262DAFEF8AD6}.Debug|Any CPU.Build.0 = Debug|Any CPU
		{7D3021CB-180B-4B11-902E-EC07E0E33E90}.Debug|Any CPU.ActiveCfg = Debug|Any CPU
		{7D3021CB-180B-4B11-902E-EC07E0E33E90}.Debug|Any CPU.Build.0 = Debug|Any CPU
		{3E3ACD14-9259-4336-A6A5-FD47929C3B3A}.Debug|Any CPU.ActiveCfg = Debug|Any CPU
		{3E3ACD14-9259-4336-A6A5-FD47929C3B3A}.Debug|Any CPU.Build.0 = Debug|Any CPU
		{364B5E63-1D56-4B73-B5FC-7884E11C48FD}.Debug|Any CPU.ActiveCfg = Debug|Any CPU
		{364B5E63-1D56-4B73-B5FC-7884E11C48FD}.Debug|Any CPU.Build.0 = Debug|Any CPU
		{A4BDC03C-AB74-4C73-98C1-ACE68FB67B8C}.Debug|Any CPU.ActiveCfg = Debug|Any CPU
		{A4BDC03C-AB74-4C73-98C1-ACE68FB67B8C}.Debug|Any CPU.Build.0 = Debug|Any CPU
	EndGlobalSection
	GlobalSection(SolutionProperties) = preSolution
		HideSolutionNode = FALSE
	EndGlobalSection
	GlobalSection(ExtensibilityGlobals) = postSolution
		SolutionGuid = {101BA035-136B-4F1C-9BB0-F7011B934288}
	EndGlobalSection
EndGlobal
