
Microsoft Visual Studio Solution File, Format Version 12.00
# Visual Studio Version 17
VisualStudioVersion = 17.2.32630.192
MinimumVisualStudioVersion = 10.0.40219.1
Project("{E24C65DC-7377-472B-9ABA-BC803B73C61A}") = "_001_DOM", "_001_DOM\", "{01032A66-BD22-47F9-A0F1-9285F333E110}"
	ProjectSection(WebsiteProperties) = preProject
		TargetFrameworkMoniker = ".NETFramework,Version%3Dv4.8"
		Debug.AspNetCompiler.VirtualPath = "/localhost_63800"
		Debug.AspNetCompiler.PhysicalPath = "_001_DOM\"
		Debug.AspNetCompiler.TargetPath = "PrecompiledWeb\localhost_63800\"
		Debug.AspNetCompiler.Updateable = "true"
		Debug.AspNetCompiler.ForceOverwrite = "true"
		Debug.AspNetCompiler.FixedNames = "false"
		Debug.AspNetCompiler.Debug = "True"
		Release.AspNetCompiler.VirtualPath = "/localhost_63800"
		Release.AspNetCompiler.PhysicalPath = "_001_DOM\"
		Release.AspNetCompiler.TargetPath = "PrecompiledWeb\localhost_63800\"
		Release.AspNetCompiler.Updateable = "true"
		Release.AspNetCompiler.ForceOverwrite = "true"
		Release.AspNetCompiler.FixedNames = "false"
		Release.AspNetCompiler.Debug = "False"
		VWDPort = "63800"
		SlnRelativePath = "_001_DOM\"
	EndProjectSection
EndProject
Project("{E24C65DC-7377-472B-9ABA-BC803B73C61A}") = "_002_DOM(1)", "_002_DOM\", "{8130E843-A0AA-475A-885B-20FE634F78CD}"
	ProjectSection(WebsiteProperties) = preProject
		TargetFrameworkMoniker = ".NETFramework,Version%3Dv4.8"
		Debug.AspNetCompiler.VirtualPath = "/localhost_54216"
		Debug.AspNetCompiler.PhysicalPath = "_002_DOM\"
		Debug.AspNetCompiler.TargetPath = "PrecompiledWeb\localhost_54216\"
		Debug.AspNetCompiler.Updateable = "true"
		Debug.AspNetCompiler.ForceOverwrite = "true"
		Debug.AspNetCompiler.FixedNames = "false"
		Debug.AspNetCompiler.Debug = "True"
		Release.AspNetCompiler.VirtualPath = "/localhost_54216"
		Release.AspNetCompiler.PhysicalPath = "_002_DOM\"
		Release.AspNetCompiler.TargetPath = "PrecompiledWeb\localhost_54216\"
		Release.AspNetCompiler.Updateable = "true"
		Release.AspNetCompiler.ForceOverwrite = "true"
		Release.AspNetCompiler.FixedNames = "false"
		Release.AspNetCompiler.Debug = "False"
		VWDPort = "54216"
		SlnRelativePath = "_002_DOM\"
	EndProjectSection
EndProject
Project("{E24C65DC-7377-472B-9ABA-BC803B73C61A}") = "_003_Counter", "_003_Counter\", "{3FEBE53F-2533-4F2A-AF42-3352E1D6CFB4}"
	ProjectSection(WebsiteProperties) = preProject
		TargetFrameworkMoniker = ".NETFramework,Version%3Dv4.8"
		Debug.AspNetCompiler.VirtualPath = "/localhost_64152"
		Debug.AspNetCompiler.PhysicalPath = "_003_Counter\"
		Debug.AspNetCompiler.TargetPath = "PrecompiledWeb\localhost_64152\"
		Debug.AspNetCompiler.Updateable = "true"
		Debug.AspNetCompiler.ForceOverwrite = "true"
		Debug.AspNetCompiler.FixedNames = "false"
		Debug.AspNetCompiler.Debug = "True"
		Release.AspNetCompiler.VirtualPath = "/localhost_64152"
		Release.AspNetCompiler.PhysicalPath = "_003_Counter\"
		Release.AspNetCompiler.TargetPath = "PrecompiledWeb\localhost_64152\"
		Release.AspNetCompiler.Updateable = "true"
		Release.AspNetCompiler.ForceOverwrite = "true"
		Release.AspNetCompiler.FixedNames = "false"
		Release.AspNetCompiler.Debug = "False"
		VWDPort = "64152"
		SlnRelativePath = "_003_Counter\"
	EndProjectSection
EndProject
Project("{E24C65DC-7377-472B-9ABA-BC803B73C61A}") = "_004_Habitat", "_004_Habitat\", "{69287609-6A7C-4693-9A2E-A0EF32117375}"
	ProjectSection(WebsiteProperties) = preProject
		TargetFrameworkMoniker = ".NETFramework,Version%3Dv4.8"
		Debug.AspNetCompiler.VirtualPath = "/localhost_64256"
		Debug.AspNetCompiler.PhysicalPath = "_004_Habitat\"
		Debug.AspNetCompiler.TargetPath = "PrecompiledWeb\localhost_64256\"
		Debug.AspNetCompiler.Updateable = "true"
		Debug.AspNetCompiler.ForceOverwrite = "true"
		Debug.AspNetCompiler.FixedNames = "false"
		Debug.AspNetCompiler.Debug = "True"
		Release.AspNetCompiler.VirtualPath = "/localhost_64256"
		Release.AspNetCompiler.PhysicalPath = "_004_Habitat\"
		Release.AspNetCompiler.TargetPath = "PrecompiledWeb\localhost_64256\"
		Release.AspNetCompiler.Updateable = "true"
		Release.AspNetCompiler.ForceOverwrite = "true"
		Release.AspNetCompiler.FixedNames = "false"
		Release.AspNetCompiler.Debug = "False"
		VWDPort = "64256"
		SlnRelativePath = "_004_Habitat\"
	EndProjectSection
EndProject
Project("{E24C65DC-7377-472B-9ABA-BC803B73C61A}") = "_005_Canvas", "_005_Canvas\", "{B573FC2B-4E37-4314-8AAF-C8E410257BE9}"
	ProjectSection(WebsiteProperties) = preProject
		TargetFrameworkMoniker = ".NETFramework,Version%3Dv4.8"
		Debug.AspNetCompiler.VirtualPath = "/localhost_64277"
		Debug.AspNetCompiler.PhysicalPath = "_005_Canvas\"
		Debug.AspNetCompiler.TargetPath = "PrecompiledWeb\localhost_64277\"
		Debug.AspNetCompiler.Updateable = "true"
		Debug.AspNetCompiler.ForceOverwrite = "true"
		Debug.AspNetCompiler.FixedNames = "false"
		Debug.AspNetCompiler.Debug = "True"
		Release.AspNetCompiler.VirtualPath = "/localhost_64277"
		Release.AspNetCompiler.PhysicalPath = "_005_Canvas\"
		Release.AspNetCompiler.TargetPath = "PrecompiledWeb\localhost_64277\"
		Release.AspNetCompiler.Updateable = "true"
		Release.AspNetCompiler.ForceOverwrite = "true"
		Release.AspNetCompiler.FixedNames = "false"
		Release.AspNetCompiler.Debug = "False"
		VWDPort = "64277"
		SlnRelativePath = "_005_Canvas\"
	EndProjectSection
EndProject
Project("{E24C65DC-7377-472B-9ABA-BC803B73C61A}") = "_007_Hypotenuse Console", "_007_Hypotenuse Console\", "{5E6332AE-60EF-4990-9B67-C596B92D5543}"
	ProjectSection(WebsiteProperties) = preProject
		TargetFrameworkMoniker = ".NETFramework,Version%3Dv4.8"
		Debug.AspNetCompiler.VirtualPath = "/localhost_64301"
		Debug.AspNetCompiler.PhysicalPath = "_007_Hypotenuse Console\"
		Debug.AspNetCompiler.TargetPath = "PrecompiledWeb\localhost_64301\"
		Debug.AspNetCompiler.Updateable = "true"
		Debug.AspNetCompiler.ForceOverwrite = "true"
		Debug.AspNetCompiler.FixedNames = "false"
		Debug.AspNetCompiler.Debug = "True"
		Release.AspNetCompiler.VirtualPath = "/localhost_64301"
		Release.AspNetCompiler.PhysicalPath = "_007_Hypotenuse Console\"
		Release.AspNetCompiler.TargetPath = "PrecompiledWeb\localhost_64301\"
		Release.AspNetCompiler.Updateable = "true"
		Release.AspNetCompiler.ForceOverwrite = "true"
		Release.AspNetCompiler.FixedNames = "false"
		Release.AspNetCompiler.Debug = "False"
		VWDPort = "64301"
		SlnRelativePath = "_007_Hypotenuse Console\"
	EndProjectSection
EndProject
Project("{E24C65DC-7377-472B-9ABA-BC803B73C61A}") = "_006_Hypotenuse_Webpage", "_006_Hypotenuse_Webpage\", "{9FD0A9B6-9182-466E-AA0C-A78121FE56D7}"
	ProjectSection(WebsiteProperties) = preProject
		TargetFrameworkMoniker = ".NETFramework,Version%3Dv4.8"
		Debug.AspNetCompiler.VirtualPath = "/localhost_50681"
		Debug.AspNetCompiler.PhysicalPath = "_006_Hypotenuse_Webpage\"
		Debug.AspNetCompiler.TargetPath = "PrecompiledWeb\localhost_50681\"
		Debug.AspNetCompiler.Updateable = "true"
		Debug.AspNetCompiler.ForceOverwrite = "true"
		Debug.AspNetCompiler.FixedNames = "false"
		Debug.AspNetCompiler.Debug = "True"
		Release.AspNetCompiler.VirtualPath = "/localhost_50681"
		Release.AspNetCompiler.PhysicalPath = "_006_Hypotenuse_Webpage\"
		Release.AspNetCompiler.TargetPath = "PrecompiledWeb\localhost_50681\"
		Release.AspNetCompiler.Updateable = "true"
		Release.AspNetCompiler.ForceOverwrite = "true"
		Release.AspNetCompiler.FixedNames = "false"
		Release.AspNetCompiler.Debug = "False"
		VWDPort = "50681"
		SlnRelativePath = "_006_Hypotenuse_Webpage\"
	EndProjectSection
EndProject
Project("{E24C65DC-7377-472B-9ABA-BC803B73C61A}") = "_008_Station Passenger Counter", "_008_Station Passenger Counter\", "{062333CA-36FC-4450-9514-262DAFEF8AD6}"
	ProjectSection(WebsiteProperties) = preProject
		TargetFrameworkMoniker = ".NETFramework,Version%3Dv4.8"
		Debug.AspNetCompiler.VirtualPath = "/localhost_50928"
		Debug.AspNetCompiler.PhysicalPath = "_008_Station Passenger Counter\"
		Debug.AspNetCompiler.TargetPath = "PrecompiledWeb\localhost_50928\"
		Debug.AspNetCompiler.Updateable = "true"
		Debug.AspNetCompiler.ForceOverwrite = "true"
		Debug.AspNetCompiler.FixedNames = "false"
		Debug.AspNetCompiler.Debug = "True"
		Release.AspNetCompiler.VirtualPath = "/localhost_50928"
		Release.AspNetCompiler.PhysicalPath = "_008_Station Passenger Counter\"
		Release.AspNetCompiler.TargetPath = "PrecompiledWeb\localhost_50928\"
		Release.AspNetCompiler.Updateable = "true"
		Release.AspNetCompiler.ForceOverwrite = "true"
		Release.AspNetCompiler.FixedNames = "false"
		Release.AspNetCompiler.Debug = "False"
		VWDPort = "50928"
		SlnRelativePath = "_008_Station Passenger Counter\"
	EndProjectSection
EndProject
Project("{E24C65DC-7377-472B-9ABA-BC803B73C61A}") = "_009_Sample Page", "_009_Sample Page\", "{7D3021CB-180B-4B11-902E-EC07E0E33E90}"
	ProjectSection(WebsiteProperties) = preProject
		TargetFrameworkMoniker = ".NETFramework,Version%3Dv4.8"
		Debug.AspNetCompiler.VirtualPath = "/localhost_51075"
		Debug.AspNetCompiler.PhysicalPath = "_009_Sample Page\"
		Debug.AspNetCompiler.TargetPath = "PrecompiledWeb\localhost_51075\"
		Debug.AspNetCompiler.Updateable = "true"
		Debug.AspNetCompiler.ForceOverwrite = "true"
		Debug.AspNetCompiler.FixedNames = "false"
		Debug.AspNetCompiler.Debug = "True"
		Release.AspNetCompiler.VirtualPath = "/localhost_51075"
		Release.AspNetCompiler.PhysicalPath = "_009_Sample Page\"
		Release.AspNetCompiler.TargetPath = "PrecompiledWeb\localhost_51075\"
		Release.AspNetCompiler.Updateable = "true"
		Release.AspNetCompiler.ForceOverwrite = "true"
		Release.AspNetCompiler.FixedNames = "false"
		Release.AspNetCompiler.Debug = "False"
		VWDPort = "51075"
		SlnRelativePath = "_009_Sample Page\"
	EndProjectSection
EndProject
Project("{E24C65DC-7377-472B-9ABA-BC803B73C61A}") = "_010_Site Bookmarker", "_010_Site Bookmarker\", "{3E3ACD14-9259-4336-A6A5-FD47929C3B3A}"
	ProjectSection(WebsiteProperties) = preProject
		TargetFrameworkMoniker = ".NETFramework,Version%3Dv4.8"
		Debug.AspNetCompiler.VirtualPath = "/localhost_51296"
		Debug.AspNetCompiler.PhysicalPath = "_010_Site Bookmarker\"
		Debug.AspNetCompiler.TargetPath = "PrecompiledWeb\localhost_51296\"
		Debug.AspNetCompiler.Updateable = "true"
		Debug.AspNetCompiler.ForceOverwrite = "true"
		Debug.AspNetCompiler.FixedNames = "false"
		Debug.AspNetCompiler.Debug = "True"
		Release.AspNetCompiler.VirtualPath = "/localhost_51296"
		Release.AspNetCompiler.PhysicalPath = "_010_Site Bookmarker\"
		Release.AspNetCompiler.TargetPath = "PrecompiledWeb\localhost_51296\"
		Release.AspNetCompiler.Updateable = "true"
		Release.AspNetCompiler.ForceOverwrite = "true"
		Release.AspNetCompiler.FixedNames = "false"
		Release.AspNetCompiler.Debug = "False"
		VWDPort = "51296"
		SlnRelativePath = "_010_Site Bookmarker\"
	EndProjectSection
EndProject
Project("{E24C65DC-7377-472B-9ABA-BC803B73C61A}") = "_011_Snow", "_011_Snow\", "{364B5E63-1D56-4B73-B5FC-7884E11C48FD}"
	ProjectSection(WebsiteProperties) = preProject
		TargetFrameworkMoniker = ".NETFramework,Version%3Dv4.8"
		Debug.AspNetCompiler.VirtualPath = "/localhost_51326"
		Debug.AspNetCompiler.PhysicalPath = "_011_Snow\"
		Debug.AspNetCompiler.TargetPath = "PrecompiledWeb\localhost_51326\"
		Debug.AspNetCompiler.Updateable = "true"
		Debug.AspNetCompiler.ForceOverwrite = "true"
		Debug.AspNetCompiler.FixedNames = "false"
		Debug.AspNetCompiler.Debug = "True"
		Release.AspNetCompiler.VirtualPath = "/localhost_51326"
		Release.AspNetCompiler.PhysicalPath = "_011_Snow\"
		Release.AspNetCompiler.TargetPath = "PrecompiledWeb\localhost_51326\"
		Release.AspNetCompiler.Updateable = "true"
		Release.AspNetCompiler.ForceOverwrite = "true"
		Release.AspNetCompiler.FixedNames = "false"
		Release.AspNetCompiler.Debug = "False"
		VWDPort = "51326"
		SlnRelativePath = "_011_Snow\"
	EndProjectSection
EndProject
Project("{E24C65DC-7377-472B-9ABA-BC803B73C61A}") = "_013_Print", "_013_Print\", "{59271E30-60E7-4844-80F5-B803C2BD9A1E}"
	ProjectSection(WebsiteProperties) = preProject
		TargetFrameworkMoniker = ".NETFramework,Version%3Dv4.8"
		Debug.AspNetCompiler.VirtualPath = "/localhost_51428"
		Debug.AspNetCompiler.PhysicalPath = "_013_Print\"
		Debug.AspNetCompiler.TargetPath = "PrecompiledWeb\localhost_51428\"
		Debug.AspNetCompiler.Updateable = "true"
		Debug.AspNetCompiler.ForceOverwrite = "true"
		Debug.AspNetCompiler.FixedNames = "false"
		Debug.AspNetCompiler.Debug = "True"
		Release.AspNetCompiler.VirtualPath = "/localhost_51428"
		Release.AspNetCompiler.PhysicalPath = "_013_Print\"
		Release.AspNetCompiler.TargetPath = "PrecompiledWeb\localhost_51428\"
		Release.AspNetCompiler.Updateable = "true"
		Release.AspNetCompiler.ForceOverwrite = "true"
		Release.AspNetCompiler.FixedNames = "false"
		Release.AspNetCompiler.Debug = "False"
		VWDPort = "51428"
		SlnRelativePath = "_013_Print\"
	EndProjectSection
EndProject
Project("{E24C65DC-7377-472B-9ABA-BC803B73C61A}") = "_014_Variables", "_014_Variables\", "{70C2BD1F-A6A5-4CEF-8E28-36B276277A56}"
	ProjectSection(WebsiteProperties) = preProject
		TargetFrameworkMoniker = ".NETFramework,Version%3Dv4.8"
		Debug.AspNetCompiler.VirtualPath = "/localhost_51429"
		Debug.AspNetCompiler.PhysicalPath = "_014_Variables\"
		Debug.AspNetCompiler.TargetPath = "PrecompiledWeb\localhost_51429\"
		Debug.AspNetCompiler.Updateable = "true"
		Debug.AspNetCompiler.ForceOverwrite = "true"
		Debug.AspNetCompiler.FixedNames = "false"
		Debug.AspNetCompiler.Debug = "True"
		Release.AspNetCompiler.VirtualPath = "/localhost_51429"
		Release.AspNetCompiler.PhysicalPath = "_014_Variables\"
		Release.AspNetCompiler.TargetPath = "PrecompiledWeb\localhost_51429\"
		Release.AspNetCompiler.Updateable = "true"
		Release.AspNetCompiler.ForceOverwrite = "true"
		Release.AspNetCompiler.FixedNames = "false"
		Release.AspNetCompiler.Debug = "False"
		VWDPort = "51429"
		SlnRelativePath = "_014_Variables\"
	EndProjectSection
EndProject
Project("{E24C65DC-7377-472B-9ABA-BC803B73C61A}") = "_012_Video Player", "_012_Video Player\", "{9C989FBD-7D35-483C-BD79-01EBED218143}"
	ProjectSection(WebsiteProperties) = preProject
		TargetFrameworkMoniker = ".NETFramework,Version%3Dv4.8"
		Debug.AspNetCompiler.VirtualPath = "/localhost_51431"
		Debug.AspNetCompiler.PhysicalPath = "_012_Video Player\"
		Debug.AspNetCompiler.TargetPath = "PrecompiledWeb\localhost_51431\"
		Debug.AspNetCompiler.Updateable = "true"
		Debug.AspNetCompiler.ForceOverwrite = "true"
		Debug.AspNetCompiler.FixedNames = "false"
		Debug.AspNetCompiler.Debug = "True"
		Release.AspNetCompiler.VirtualPath = "/localhost_51431"
		Release.AspNetCompiler.PhysicalPath = "_012_Video Player\"
		Release.AspNetCompiler.TargetPath = "PrecompiledWeb\localhost_51431\"
		Release.AspNetCompiler.Updateable = "true"
		Release.AspNetCompiler.ForceOverwrite = "true"
		Release.AspNetCompiler.FixedNames = "false"
		Release.AspNetCompiler.Debug = "False"
		VWDPort = "51431"
		SlnRelativePath = "_012_Video Player\"
	EndProjectSection
EndProject
Project("{E24C65DC-7377-472B-9ABA-BC803B73C61A}") = "_015_Arithmetic", "_015_Arithmetic\", "{FD903B97-31B2-4AF1-B02F-68FD76A55D65}"
	ProjectSection(WebsiteProperties) = preProject
		TargetFrameworkMoniker = ".NETFramework,Version%3Dv4.8"
		Debug.AspNetCompiler.VirtualPath = "/localhost_51437"
		Debug.AspNetCompiler.PhysicalPath = "_015_Arithmetic\"
		Debug.AspNetCompiler.TargetPath = "PrecompiledWeb\localhost_51437\"
		Debug.AspNetCompiler.Updateable = "true"
		Debug.AspNetCompiler.ForceOverwrite = "true"
		Debug.AspNetCompiler.FixedNames = "false"
		Debug.AspNetCompiler.Debug = "True"
		Release.AspNetCompiler.VirtualPath = "/localhost_51437"
		Release.AspNetCompiler.PhysicalPath = "_015_Arithmetic\"
		Release.AspNetCompiler.TargetPath = "PrecompiledWeb\localhost_51437\"
		Release.AspNetCompiler.Updateable = "true"
		Release.AspNetCompiler.ForceOverwrite = "true"
		Release.AspNetCompiler.FixedNames = "false"
		Release.AspNetCompiler.Debug = "False"
		VWDPort = "51437"
		SlnRelativePath = "_015_Arithmetic\"
	EndProjectSection
EndProject
Project("{E24C65DC-7377-472B-9ABA-BC803B73C61A}") = "_016_User Input Console", "_016_User Input Console\", "{D454B014-836D-4006-B848-3A99AFE3C3B8}"
	ProjectSection(WebsiteProperties) = preProject
		TargetFrameworkMoniker = ".NETFramework,Version%3Dv4.8"
		Debug.AspNetCompiler.VirtualPath = "/localhost_51438"
		Debug.AspNetCompiler.PhysicalPath = "_016_User Input Console\"
		Debug.AspNetCompiler.TargetPath = "PrecompiledWeb\localhost_51438\"
		Debug.AspNetCompiler.Updateable = "true"
		Debug.AspNetCompiler.ForceOverwrite = "true"
		Debug.AspNetCompiler.FixedNames = "false"
		Debug.AspNetCompiler.Debug = "True"
		Release.AspNetCompiler.VirtualPath = "/localhost_51438"
		Release.AspNetCompiler.PhysicalPath = "_016_User Input Console\"
		Release.AspNetCompiler.TargetPath = "PrecompiledWeb\localhost_51438\"
		Release.AspNetCompiler.Updateable = "true"
		Release.AspNetCompiler.ForceOverwrite = "true"
		Release.AspNetCompiler.FixedNames = "false"
		Release.AspNetCompiler.Debug = "False"
		VWDPort = "51438"
		SlnRelativePath = "_016_User Input Console\"
	EndProjectSection
EndProject
Project("{E24C65DC-7377-472B-9ABA-BC803B73C61A}") = "_017_User Input Webpage", "_017_User Input Webpage\", "{D44A1C9A-392D-40F0-9288-B7F80DF746D1}"
	ProjectSection(WebsiteProperties) = preProject
		TargetFrameworkMoniker = ".NETFramework,Version%3Dv4.8"
		Debug.AspNetCompiler.VirtualPath = "/localhost_51472"
		Debug.AspNetCompiler.PhysicalPath = "_017_User Input Webpage\"
		Debug.AspNetCompiler.TargetPath = "PrecompiledWeb\localhost_51472\"
		Debug.AspNetCompiler.Updateable = "true"
		Debug.AspNetCompiler.ForceOverwrite = "true"
		Debug.AspNetCompiler.FixedNames = "false"
		Debug.AspNetCompiler.Debug = "True"
		Release.AspNetCompiler.VirtualPath = "/localhost_51472"
		Release.AspNetCompiler.PhysicalPath = "_017_User Input Webpage\"
		Release.AspNetCompiler.TargetPath = "PrecompiledWeb\localhost_51472\"
		Release.AspNetCompiler.Updateable = "true"
		Release.AspNetCompiler.ForceOverwrite = "true"
		Release.AspNetCompiler.FixedNames = "false"
		Release.AspNetCompiler.Debug = "False"
		VWDPort = "51472"
		SlnRelativePath = "_017_User Input Webpage\"
	EndProjectSection
EndProject
Project("{E24C65DC-7377-472B-9ABA-BC803B73C61A}") = "_018_Type Conversion", "_018_Type Conversion\", "{0D53884C-49D8-4EA1-BEA6-37BCF671DBFD}"
	ProjectSection(WebsiteProperties) = preProject
		TargetFrameworkMoniker = ".NETFramework,Version%3Dv4.8"
		Debug.AspNetCompiler.VirtualPath = "/localhost_51473"
		Debug.AspNetCompiler.PhysicalPath = "_018_Type Conversion\"
		Debug.AspNetCompiler.TargetPath = "PrecompiledWeb\localhost_51473\"
		Debug.AspNetCompiler.Updateable = "true"
		Debug.AspNetCompiler.ForceOverwrite = "true"
		Debug.AspNetCompiler.FixedNames = "false"
		Debug.AspNetCompiler.Debug = "True"
		Release.AspNetCompiler.VirtualPath = "/localhost_51473"
		Release.AspNetCompiler.PhysicalPath = "_018_Type Conversion\"
		Release.AspNetCompiler.TargetPath = "PrecompiledWeb\localhost_51473\"
		Release.AspNetCompiler.Updateable = "true"
		Release.AspNetCompiler.ForceOverwrite = "true"
		Release.AspNetCompiler.FixedNames = "false"
		Release.AspNetCompiler.Debug = "False"
		VWDPort = "51473"
		SlnRelativePath = "_018_Type Conversion\"
	EndProjectSection
EndProject
Project("{E24C65DC-7377-472B-9ABA-BC803B73C61A}") = "_019_Constants", "_019_Constants\", "{69E865D2-2BE4-4B40-A502-121A9B78BFFD}"
	ProjectSection(WebsiteProperties) = preProject
		TargetFrameworkMoniker = ".NETFramework,Version%3Dv4.8"
		Debug.AspNetCompiler.VirtualPath = "/localhost_51476"
		Debug.AspNetCompiler.PhysicalPath = "_019_Constants\"
		Debug.AspNetCompiler.TargetPath = "PrecompiledWeb\localhost_51476\"
		Debug.AspNetCompiler.Updateable = "true"
		Debug.AspNetCompiler.ForceOverwrite = "true"
		Debug.AspNetCompiler.FixedNames = "false"
		Debug.AspNetCompiler.Debug = "True"
		Release.AspNetCompiler.VirtualPath = "/localhost_51476"
		Release.AspNetCompiler.PhysicalPath = "_019_Constants\"
		Release.AspNetCompiler.TargetPath = "PrecompiledWeb\localhost_51476\"
		Release.AspNetCompiler.Updateable = "true"
		Release.AspNetCompiler.ForceOverwrite = "true"
		Release.AspNetCompiler.FixedNames = "false"
		Release.AspNetCompiler.Debug = "False"
		VWDPort = "51476"
		SlnRelativePath = "_019_Constants\"
	EndProjectSection
EndProject
Project("{E24C65DC-7377-472B-9ABA-BC803B73C61A}") = "_020_Checked Radio Properties", "_020_Checked Radio Properties\", "{2900442A-EBEC-4378-93A0-2FE1D324740C}"
	ProjectSection(WebsiteProperties) = preProject
		TargetFrameworkMoniker = ".NETFramework,Version%3Dv4.8"
		Debug.AspNetCompiler.VirtualPath = "/localhost_51477"
		Debug.AspNetCompiler.PhysicalPath = "_020_Checked Radio Properties\"
		Debug.AspNetCompiler.TargetPath = "PrecompiledWeb\localhost_51477\"
		Debug.AspNetCompiler.Updateable = "true"
		Debug.AspNetCompiler.ForceOverwrite = "true"
		Debug.AspNetCompiler.FixedNames = "false"
		Debug.AspNetCompiler.Debug = "True"
		Release.AspNetCompiler.VirtualPath = "/localhost_51477"
		Release.AspNetCompiler.PhysicalPath = "_020_Checked Radio Properties\"
		Release.AspNetCompiler.TargetPath = "PrecompiledWeb\localhost_51477\"
		Release.AspNetCompiler.Updateable = "true"
		Release.AspNetCompiler.ForceOverwrite = "true"
		Release.AspNetCompiler.FixedNames = "false"
		Release.AspNetCompiler.Debug = "False"
		VWDPort = "51477"
		SlnRelativePath = "_020_Checked Radio Properties\"
	EndProjectSection
EndProject
Project("{E24C65DC-7377-472B-9ABA-BC803B73C61A}") = "_021_Selection - Switch Statement", "_021_Selection - Switch Statement\", "{F877B0BC-BA5D-49EF-BF3D-A5CE7A07CBF5}"
	ProjectSection(WebsiteProperties) = preProject
		TargetFrameworkMoniker = ".NETFramework,Version%3Dv4.8"
		Debug.AspNetCompiler.VirtualPath = "/localhost_51478"
		Debug.AspNetCompiler.PhysicalPath = "_021_Selection - Switch Statement\"
		Debug.AspNetCompiler.TargetPath = "PrecompiledWeb\localhost_51478\"
		Debug.AspNetCompiler.Updateable = "true"
		Debug.AspNetCompiler.ForceOverwrite = "true"
		Debug.AspNetCompiler.FixedNames = "false"
		Debug.AspNetCompiler.Debug = "True"
		Release.AspNetCompiler.VirtualPath = "/localhost_51478"
		Release.AspNetCompiler.PhysicalPath = "_021_Selection - Switch Statement\"
		Release.AspNetCompiler.TargetPath = "PrecompiledWeb\localhost_51478\"
		Release.AspNetCompiler.Updateable = "true"
		Release.AspNetCompiler.ForceOverwrite = "true"
		Release.AspNetCompiler.FixedNames = "false"
		Release.AspNetCompiler.Debug = "False"
		VWDPort = "51478"
		SlnRelativePath = "_021_Selection - Switch Statement\"
	EndProjectSection
EndProject
Project("{E24C65DC-7377-472B-9ABA-BC803B73C61A}") = "_022_Sample Name", "_022_Sample Name\", "{425C72AF-E36E-4A41-9B4A-6057D8E0D5C7}"
	ProjectSection(WebsiteProperties) = preProject
		TargetFrameworkMoniker = ".NETFramework,Version%3Dv4.8"
		Debug.AspNetCompiler.VirtualPath = "/localhost_51631"
		Debug.AspNetCompiler.PhysicalPath = "_022_Sample Name\"
		Debug.AspNetCompiler.TargetPath = "PrecompiledWeb\localhost_51631\"
		Debug.AspNetCompiler.Updateable = "true"
		Debug.AspNetCompiler.ForceOverwrite = "true"
		Debug.AspNetCompiler.FixedNames = "false"
		Debug.AspNetCompiler.Debug = "True"
		Release.AspNetCompiler.VirtualPath = "/localhost_51631"
		Release.AspNetCompiler.PhysicalPath = "_022_Sample Name\"
		Release.AspNetCompiler.TargetPath = "PrecompiledWeb\localhost_51631\"
		Release.AspNetCompiler.Updateable = "true"
		Release.AspNetCompiler.ForceOverwrite = "true"
		Release.AspNetCompiler.FixedNames = "false"
		Release.AspNetCompiler.Debug = "False"
		VWDPort = "51631"
		SlnRelativePath = "_022_Sample Name\"
	EndProjectSection
EndProject
Project("{E24C65DC-7377-472B-9ABA-BC803B73C61A}") = "_023_HTML Tips", "_023_HTML Tips\", "{21D3F1D4-2B96-4CFD-B348-B450512AB833}"
	ProjectSection(WebsiteProperties) = preProject
		TargetFrameworkMoniker = ".NETFramework,Version%3Dv4.8"
		Debug.AspNetCompiler.VirtualPath = "/localhost_51675"
		Debug.AspNetCompiler.PhysicalPath = "_023_HTML Tips\"
		Debug.AspNetCompiler.TargetPath = "PrecompiledWeb\localhost_51675\"
		Debug.AspNetCompiler.Updateable = "true"
		Debug.AspNetCompiler.ForceOverwrite = "true"
		Debug.AspNetCompiler.FixedNames = "false"
		Debug.AspNetCompiler.Debug = "True"
		Release.AspNetCompiler.VirtualPath = "/localhost_51675"
		Release.AspNetCompiler.PhysicalPath = "_023_HTML Tips\"
		Release.AspNetCompiler.TargetPath = "PrecompiledWeb\localhost_51675\"
		Release.AspNetCompiler.Updateable = "true"
		Release.AspNetCompiler.ForceOverwrite = "true"
		Release.AspNetCompiler.FixedNames = "false"
		Release.AspNetCompiler.Debug = "False"
		VWDPort = "51675"
		SlnRelativePath = "_023_HTML Tips\"
	EndProjectSection
EndProject
Project("{E24C65DC-7377-472B-9ABA-BC803B73C61A}") = "_024_CSS Tips", "_024_CSS Tips\", "{6AFDFD1F-4F04-4839-8C20-0D192CEBEBD7}"
	ProjectSection(WebsiteProperties) = preProject
		TargetFrameworkMoniker = ".NETFramework,Version%3Dv4.8"
		Debug.AspNetCompiler.VirtualPath = "/localhost_51714"
		Debug.AspNetCompiler.PhysicalPath = "_024_CSS Tips\"
		Debug.AspNetCompiler.TargetPath = "PrecompiledWeb\localhost_51714\"
		Debug.AspNetCompiler.Updateable = "true"
		Debug.AspNetCompiler.ForceOverwrite = "true"
		Debug.AspNetCompiler.FixedNames = "false"
		Debug.AspNetCompiler.Debug = "True"
		Release.AspNetCompiler.VirtualPath = "/localhost_51714"
		Release.AspNetCompiler.PhysicalPath = "_024_CSS Tips\"
		Release.AspNetCompiler.TargetPath = "PrecompiledWeb\localhost_51714\"
		Release.AspNetCompiler.Updateable = "true"
		Release.AspNetCompiler.ForceOverwrite = "true"
		Release.AspNetCompiler.FixedNames = "false"
		Release.AspNetCompiler.Debug = "False"
		VWDPort = "51714"
		SlnRelativePath = "_024_CSS Tips\"
	EndProjectSection
EndProject
Project("{E24C65DC-7377-472B-9ABA-BC803B73C61A}") = "_025_JavaScript Tips", "_025_JavaScript Tips\", "{2FAF9B8D-2824-4378-920E-114B197C6E1B}"
	ProjectSection(WebsiteProperties) = preProject
		TargetFrameworkMoniker = ".NETFramework,Version%3Dv4.8"
		Debug.AspNetCompiler.VirtualPath = "/localhost_51736"
		Debug.AspNetCompiler.PhysicalPath = "_025_JavaScript Tips\"
		Debug.AspNetCompiler.TargetPath = "PrecompiledWeb\localhost_51736\"
		Debug.AspNetCompiler.Updateable = "true"
		Debug.AspNetCompiler.ForceOverwrite = "true"
		Debug.AspNetCompiler.FixedNames = "false"
		Debug.AspNetCompiler.Debug = "True"
		Release.AspNetCompiler.VirtualPath = "/localhost_51736"
		Release.AspNetCompiler.PhysicalPath = "_025_JavaScript Tips\"
		Release.AspNetCompiler.TargetPath = "PrecompiledWeb\localhost_51736\"
		Release.AspNetCompiler.Updateable = "true"
		Release.AspNetCompiler.ForceOverwrite = "true"
		Release.AspNetCompiler.FixedNames = "false"
		Release.AspNetCompiler.Debug = "False"
		VWDPort = "51736"
	EndProjectSection
EndProject
Global
	GlobalSection(SolutionConfigurationPlatforms) = preSolution
		Debug|Any CPU = Debug|Any CPU
	EndGlobalSection
	GlobalSection(ProjectConfigurationPlatforms) = postSolution
		{01032A66-BD22-47F9-A0F1-9285F333E110}.Debug|Any CPU.ActiveCfg = Debug|Any CPU
		{01032A66-BD22-47F9-A0F1-9285F333E110}.Debug|Any CPU.Build.0 = Debug|Any CPU
		{8130E843-A0AA-475A-885B-20FE634F78CD}.Debug|Any CPU.ActiveCfg = Debug|Any CPU
		{8130E843-A0AA-475A-885B-20FE634F78CD}.Debug|Any CPU.Build.0 = Debug|Any CPU
		{3FEBE53F-2533-4F2A-AF42-3352E1D6CFB4}.Debug|Any CPU.ActiveCfg = Debug|Any CPU
		{3FEBE53F-2533-4F2A-AF42-3352E1D6CFB4}.Debug|Any CPU.Build.0 = Debug|Any CPU
		{69287609-6A7C-4693-9A2E-A0EF32117375}.Debug|Any CPU.ActiveCfg = Debug|Any CPU
		{69287609-6A7C-4693-9A2E-A0EF32117375}.Debug|Any CPU.Build.0 = Debug|Any CPU
		{B573FC2B-4E37-4314-8AAF-C8E410257BE9}.Debug|Any CPU.ActiveCfg = Debug|Any CPU
		{B573FC2B-4E37-4314-8AAF-C8E410257BE9}.Debug|Any CPU.Build.0 = Debug|Any CPU
		{5E6332AE-60EF-4990-9B67-C596B92D5543}.Debug|Any CPU.ActiveCfg = Debug|Any CPU
		{5E6332AE-60EF-4990-9B67-C596B92D5543}.Debug|Any CPU.Build.0 = Debug|Any CPU
		{9FD0A9B6-9182-466E-AA0C-A78121FE56D7}.Debug|Any CPU.ActiveCfg = Debug|Any CPU
		{9FD0A9B6-9182-466E-AA0C-A78121FE56D7}.Debug|Any CPU.Build.0 = Debug|Any CPU
		{062333CA-36FC-4450-9514-262DAFEF8AD6}.Debug|Any CPU.ActiveCfg = Debug|Any CPU
		{062333CA-36FC-4450-9514-262DAFEF8AD6}.Debug|Any CPU.Build.0 = Debug|Any CPU
		{7D3021CB-180B-4B11-902E-EC07E0E33E90}.Debug|Any CPU.ActiveCfg = Debug|Any CPU
		{7D3021CB-180B-4B11-902E-EC07E0E33E90}.Debug|Any CPU.Build.0 = Debug|Any CPU
		{3E3ACD14-9259-4336-A6A5-FD47929C3B3A}.Debug|Any CPU.ActiveCfg = Debug|Any CPU
		{3E3ACD14-9259-4336-A6A5-FD47929C3B3A}.Debug|Any CPU.Build.0 = Debug|Any CPU
		{364B5E63-1D56-4B73-B5FC-7884E11C48FD}.Debug|Any CPU.ActiveCfg = Debug|Any CPU
		{364B5E63-1D56-4B73-B5FC-7884E11C48FD}.Debug|Any CPU.Build.0 = Debug|Any CPU
		{59271E30-60E7-4844-80F5-B803C2BD9A1E}.Debug|Any CPU.ActiveCfg = Debug|Any CPU
		{59271E30-60E7-4844-80F5-B803C2BD9A1E}.Debug|Any CPU.Build.0 = Debug|Any CPU
		{70C2BD1F-A6A5-4CEF-8E28-36B276277A56}.Debug|Any CPU.ActiveCfg = Debug|Any CPU
		{70C2BD1F-A6A5-4CEF-8E28-36B276277A56}.Debug|Any CPU.Build.0 = Debug|Any CPU
		{9C989FBD-7D35-483C-BD79-01EBED218143}.Debug|Any CPU.ActiveCfg = Debug|Any CPU
		{9C989FBD-7D35-483C-BD79-01EBED218143}.Debug|Any CPU.Build.0 = Debug|Any CPU
		{FD903B97-31B2-4AF1-B02F-68FD76A55D65}.Debug|Any CPU.ActiveCfg = Debug|Any CPU
		{FD903B97-31B2-4AF1-B02F-68FD76A55D65}.Debug|Any CPU.Build.0 = Debug|Any CPU
		{D454B014-836D-4006-B848-3A99AFE3C3B8}.Debug|Any CPU.ActiveCfg = Debug|Any CPU
		{D454B014-836D-4006-B848-3A99AFE3C3B8}.Debug|Any CPU.Build.0 = Debug|Any CPU
		{D44A1C9A-392D-40F0-9288-B7F80DF746D1}.Debug|Any CPU.ActiveCfg = Debug|Any CPU
		{D44A1C9A-392D-40F0-9288-B7F80DF746D1}.Debug|Any CPU.Build.0 = Debug|Any CPU
		{0D53884C-49D8-4EA1-BEA6-37BCF671DBFD}.Debug|Any CPU.ActiveCfg = Debug|Any CPU
		{0D53884C-49D8-4EA1-BEA6-37BCF671DBFD}.Debug|Any CPU.Build.0 = Debug|Any CPU
		{69E865D2-2BE4-4B40-A502-121A9B78BFFD}.Debug|Any CPU.ActiveCfg = Debug|Any CPU
		{69E865D2-2BE4-4B40-A502-121A9B78BFFD}.Debug|Any CPU.Build.0 = Debug|Any CPU
		{2900442A-EBEC-4378-93A0-2FE1D324740C}.Debug|Any CPU.ActiveCfg = Debug|Any CPU
		{2900442A-EBEC-4378-93A0-2FE1D324740C}.Debug|Any CPU.Build.0 = Debug|Any CPU
		{F877B0BC-BA5D-49EF-BF3D-A5CE7A07CBF5}.Debug|Any CPU.ActiveCfg = Debug|Any CPU
		{F877B0BC-BA5D-49EF-BF3D-A5CE7A07CBF5}.Debug|Any CPU.Build.0 = Debug|Any CPU
		{425C72AF-E36E-4A41-9B4A-6057D8E0D5C7}.Debug|Any CPU.ActiveCfg = Debug|Any CPU
		{425C72AF-E36E-4A41-9B4A-6057D8E0D5C7}.Debug|Any CPU.Build.0 = Debug|Any CPU
		{21D3F1D4-2B96-4CFD-B348-B450512AB833}.Debug|Any CPU.ActiveCfg = Debug|Any CPU
		{21D3F1D4-2B96-4CFD-B348-B450512AB833}.Debug|Any CPU.Build.0 = Debug|Any CPU
		{6AFDFD1F-4F04-4839-8C20-0D192CEBEBD7}.Debug|Any CPU.ActiveCfg = Debug|Any CPU
		{6AFDFD1F-4F04-4839-8C20-0D192CEBEBD7}.Debug|Any CPU.Build.0 = Debug|Any CPU
		{2FAF9B8D-2824-4378-920E-114B197C6E1B}.Debug|Any CPU.ActiveCfg = Debug|Any CPU
		{2FAF9B8D-2824-4378-920E-114B197C6E1B}.Debug|Any CPU.Build.0 = Debug|Any CPU
	EndGlobalSection
	GlobalSection(SolutionProperties) = preSolution
		HideSolutionNode = FALSE
	EndGlobalSection
	GlobalSection(ExtensibilityGlobals) = postSolution
		SolutionGuid = {101BA035-136B-4F1C-9BB0-F7011B934288}
	EndGlobalSection
EndGlobal
