
Microsoft Visual Studio Solution File, Format Version 12.00
# Visual Studio Version 17
VisualStudioVersion = 17.3.32804.467
MinimumVisualStudioVersion = 10.0.40219.1
Project("{E24C65DC-7377-472B-9ABA-BC803B73C61A}") = "Word Guess", "Word Guess\", "{1ECB277F-691B-4CE0-8C52-04C323EC2314}"
	ProjectSection(WebsiteProperties) = preProject
		TargetFrameworkMoniker = ".NETFramework,Version%3Dv4.8"
		Debug.AspNetCompiler.VirtualPath = "/localhost_63208"
		Debug.AspNetCompiler.PhysicalPath = "Word Guess\"
		Debug.AspNetCompiler.TargetPath = "PrecompiledWeb\localhost_63208\"
		Debug.AspNetCompiler.Updateable = "true"
		Debug.AspNetCompiler.ForceOverwrite = "true"
		Debug.AspNetCompiler.FixedNames = "false"
		Debug.AspNetCompiler.Debug = "True"
		Release.AspNetCompiler.VirtualPath = "/localhost_63208"
		Release.AspNetCompiler.PhysicalPath = "Word Guess\"
		Release.AspNetCompiler.TargetPath = "PrecompiledWeb\localhost_63208\"
		Release.AspNetCompiler.Updateable = "true"
		Release.AspNetCompiler.ForceOverwrite = "true"
		Release.AspNetCompiler.FixedNames = "false"
		Release.AspNetCompiler.Debug = "False"
		VWDPort = "63208"
		SlnRelativePath = "Word Guess\"
		DefaultWebSiteLanguage = "Visual C#"
	EndProjectSection
EndProject
Global
	GlobalSection(SolutionConfigurationPlatforms) = preSolution
		Debug|Any CPU = Debug|Any CPU
	EndGlobalSection
	GlobalSection(ProjectConfigurationPlatforms) = postSolution
		{1ECB277F-691B-4CE0-8C52-04C323EC2314}.Debug|Any CPU.ActiveCfg = Debug|Any CPU
		{1ECB277F-691B-4CE0-8C52-04C323EC2314}.Debug|Any CPU.Build.0 = Debug|Any CPU
	EndGlobalSection
	GlobalSection(SolutionProperties) = preSolution
		HideSolutionNode = FALSE
	EndGlobalSection
	GlobalSection(ExtensibilityGlobals) = postSolution
		SolutionGuid = {E408826B-F80B-41EE-8CB9-44782C8FFDAC}
	EndGlobalSection
EndGlobal
