
Microsoft Visual Studio Solution File, Format Version 12.00
# Visual Studio Version 17
VisualStudioVersion = 17.2.32630.192
MinimumVisualStudioVersion = 10.0.40219.1
Project("{E24C65DC-7377-472B-9ABA-BC803B73C61A}") = "_001_Print(1)", "_001_Print\", "{0369272D-B3F6-4BF3-B3CC-A0694E24477B}"
	ProjectSection(WebsiteProperties) = preProject
		TargetFrameworkMoniker = ".NETFramework,Version%3Dv4.8"
		Debug.AspNetCompiler.VirtualPath = "/localhost_56974"
		Debug.AspNetCompiler.PhysicalPath = "_001_Print\"
		Debug.AspNetCompiler.TargetPath = "PrecompiledWeb\localhost_56974\"
		Debug.AspNetCompiler.Updateable = "true"
		Debug.AspNetCompiler.ForceOverwrite = "true"
		Debug.AspNetCompiler.FixedNames = "false"
		Debug.AspNetCompiler.Debug = "True"
		Release.AspNetCompiler.VirtualPath = "/localhost_56974"
		Release.AspNetCompiler.PhysicalPath = "_001_Print\"
		Release.AspNetCompiler.TargetPath = "PrecompiledWeb\localhost_56974\"
		Release.AspNetCompiler.Updateable = "true"
		Release.AspNetCompiler.ForceOverwrite = "true"
		Release.AspNetCompiler.FixedNames = "false"
		Release.AspNetCompiler.Debug = "False"
		VWDPort = "56974"
		SlnRelativePath = "_001_Print\"
	EndProjectSection
EndProject
Project("{E24C65DC-7377-472B-9ABA-BC803B73C61A}") = "_002_Drink List", "_002_Drink List\", "{A5BE284F-53A4-4A15-90ED-444B00EA3228}"
	ProjectSection(WebsiteProperties) = preProject
		TargetFrameworkMoniker = ".NETFramework,Version%3Dv4.8"
		Debug.AspNetCompiler.VirtualPath = "/localhost_62762"
		Debug.AspNetCompiler.PhysicalPath = "_002_Drink List\"
		Debug.AspNetCompiler.TargetPath = "PrecompiledWeb\localhost_62762\"
		Debug.AspNetCompiler.Updateable = "true"
		Debug.AspNetCompiler.ForceOverwrite = "true"
		Debug.AspNetCompiler.FixedNames = "false"
		Debug.AspNetCompiler.Debug = "True"
		Release.AspNetCompiler.VirtualPath = "/localhost_62762"
		Release.AspNetCompiler.PhysicalPath = "_002_Drink List\"
		Release.AspNetCompiler.TargetPath = "PrecompiledWeb\localhost_62762\"
		Release.AspNetCompiler.Updateable = "true"
		Release.AspNetCompiler.ForceOverwrite = "true"
		Release.AspNetCompiler.FixedNames = "false"
		Release.AspNetCompiler.Debug = "False"
		VWDPort = "62762"
		SlnRelativePath = "_002_Drink List\"
	EndProjectSection
EndProject
Project("{E24C65DC-7377-472B-9ABA-BC803B73C61A}") = "_003_Button", "_003_Button\", "{D37A1CA9-5F22-421A-8019-6383C8B1E201}"
	ProjectSection(WebsiteProperties) = preProject
		TargetFrameworkMoniker = ".NETFramework,Version%3Dv4.8"
		Debug.AspNetCompiler.VirtualPath = "/localhost_63146"
		Debug.AspNetCompiler.PhysicalPath = "_003_Button\"
		Debug.AspNetCompiler.TargetPath = "PrecompiledWeb\localhost_63146\"
		Debug.AspNetCompiler.Updateable = "true"
		Debug.AspNetCompiler.ForceOverwrite = "true"
		Debug.AspNetCompiler.FixedNames = "false"
		Debug.AspNetCompiler.Debug = "True"
		Release.AspNetCompiler.VirtualPath = "/localhost_63146"
		Release.AspNetCompiler.PhysicalPath = "_003_Button\"
		Release.AspNetCompiler.TargetPath = "PrecompiledWeb\localhost_63146\"
		Release.AspNetCompiler.Updateable = "true"
		Release.AspNetCompiler.ForceOverwrite = "true"
		Release.AspNetCompiler.FixedNames = "false"
		Release.AspNetCompiler.Debug = "False"
		VWDPort = "63146"
		SlnRelativePath = "_003_Button\"
	EndProjectSection
EndProject
Project("{E24C65DC-7377-472B-9ABA-BC803B73C61A}") = "_004_Trivia", "_004_Trivia\", "{E47E2BB8-D6A9-4B5A-A079-B4DD0A8FAB85}"
	ProjectSection(WebsiteProperties) = preProject
		TargetFrameworkMoniker = ".NETFramework,Version%3Dv4.8"
		Debug.AspNetCompiler.VirtualPath = "/localhost_51365"
		Debug.AspNetCompiler.PhysicalPath = "_004_Trivia\"
		Debug.AspNetCompiler.TargetPath = "PrecompiledWeb\localhost_51365\"
		Debug.AspNetCompiler.Updateable = "true"
		Debug.AspNetCompiler.ForceOverwrite = "true"
		Debug.AspNetCompiler.FixedNames = "false"
		Debug.AspNetCompiler.Debug = "True"
		Release.AspNetCompiler.VirtualPath = "/localhost_51365"
		Release.AspNetCompiler.PhysicalPath = "_004_Trivia\"
		Release.AspNetCompiler.TargetPath = "PrecompiledWeb\localhost_51365\"
		Release.AspNetCompiler.Updateable = "true"
		Release.AspNetCompiler.ForceOverwrite = "true"
		Release.AspNetCompiler.FixedNames = "false"
		Release.AspNetCompiler.Debug = "False"
		VWDPort = "51365"
		SlnRelativePath = "_004_Trivia\"
	EndProjectSection
EndProject
Global
	GlobalSection(SolutionConfigurationPlatforms) = preSolution
		Debug|Any CPU = Debug|Any CPU
	EndGlobalSection
	GlobalSection(ProjectConfigurationPlatforms) = postSolution
		{0369272D-B3F6-4BF3-B3CC-A0694E24477B}.Debug|Any CPU.ActiveCfg = Debug|Any CPU
		{0369272D-B3F6-4BF3-B3CC-A0694E24477B}.Debug|Any CPU.Build.0 = Debug|Any CPU
		{A5BE284F-53A4-4A15-90ED-444B00EA3228}.Debug|Any CPU.ActiveCfg = Debug|Any CPU
		{A5BE284F-53A4-4A15-90ED-444B00EA3228}.Debug|Any CPU.Build.0 = Debug|Any CPU
		{D37A1CA9-5F22-421A-8019-6383C8B1E201}.Debug|Any CPU.ActiveCfg = Debug|Any CPU
		{D37A1CA9-5F22-421A-8019-6383C8B1E201}.Debug|Any CPU.Build.0 = Debug|Any CPU
		{E47E2BB8-D6A9-4B5A-A079-B4DD0A8FAB85}.Debug|Any CPU.ActiveCfg = Debug|Any CPU
		{E47E2BB8-D6A9-4B5A-A079-B4DD0A8FAB85}.Debug|Any CPU.Build.0 = Debug|Any CPU
	EndGlobalSection
	GlobalSection(SolutionProperties) = preSolution
		HideSolutionNode = FALSE
	EndGlobalSection
	GlobalSection(ExtensibilityGlobals) = postSolution
		SolutionGuid = {101BA035-136B-4F1C-9BB0-F7011B934288}
	EndGlobalSection
EndGlobal
